{
  "name": "@zerobias-org/crosswalk-complianceforge-scf-2025_2_1_eu_enisa_annex",
  "version": "1.0.0",
  "lockfileVersion": 3,
  "requires": true,
  "packages": {
    "": {
      "name": "@zerobias-org/crosswalk-complianceforge-scf-2025_2_1_eu_enisa_annex",
      "version": "1.0.0",
      "license": "ISC",
      "dependencies": {
        "@zerobias-org/framework-complianceforge-scf-2025.2.1": "latest",
        "@zerobias-org/framework-eu-enisa-annex": "latest"
      },
      "engines": {
        "node": ">=16.11.0",
        "npm": ">=8.0.0"
      }
    },
    "node_modules/@zerobias-org/framework-complianceforge-scf-2025.2.1": {
      "version": "1.0.1",
      "resolved": "https://pkg.zerobias.org/@zerobias-org/framework-complianceforge-scf-2025.2.1/-/framework-complianceforge-scf-2025.2.1-1.0.1.tgz",
      "integrity": "sha512-odK923QAy8MuDiLyX0hFYoSmNumHOZHLnkIEgQFw/i0p8gz8kAnTWCcO4gKGHmsYABv2baQ+eHlxdTlv9E12gQ==",
      "license": "MIT",
      "engines": {
        "node": ">=16.11.0",
        "npm": ">=8.0.0"
      }
    },
    "node_modules/@zerobias-org/framework-eu-enisa-annex": {
      "version": "1.0.1-rc.0",
      "resolved": "https://pkg.zerobias.org/@zerobias-org/framework-eu-enisa-annex/-/framework-eu-enisa-annex-1.0.1-rc.0.tgz",
      "integrity": "sha512-C6sREr+UsWDvlmq3AurLbR36R2+p16uBpLmMO3QqjvMmsikgK6Qt2d9NrLC1e0rsLNSHQhugU2kgcQ+X7OVeig==",
      "license": "ISC",
      "dependencies": {
        "@zerobias-org/suite-eu-enisa": "latest"
      },
      "engines": {
        "node": ">=16.11.0",
        "npm": ">=8.0.0"
      }
    },
    "node_modules/@zerobias-org/suite-eu-enisa": {
      "version": "1.0.2",
      "resolved": "https://pkg.zerobias.org/@zerobias-org/suite-eu-enisa/-/suite-eu-enisa-1.0.2.tgz",
      "integrity": "sha512-3rus65Pxt7r/2UUvWxo4N2/oVKqljfAK3gmaJVnUXhtKzBUs7tsMKTiaO3t4dO1MaosMjao5ju41bKxAH/juVg==",
      "license": "ISC",
      "dependencies": {
        "@zerobias-org/vendor-eu": "latest"
      },
      "engines": {
        "node": ">=16.11.0",
        "npm": ">=8.0.0"
      }
    },
    "node_modules/@zerobias-org/vendor-eu": {
      "version": "1.0.2",
      "resolved": "https://pkg.zerobias.org/@zerobias-org/vendor-eu/-/vendor-eu-1.0.2.tgz",
      "integrity": "sha512-cjiUsmH/AlgqEL9ypYsabdF8ZPeVx/OZhoF4P07S+JI9EN53ZvdrTkvsFaSwojDAuC9A23qKTV2s4Url2HgcTQ==",
      "license": "ISC",
      "engines": {
        "node": ">=16.11.0",
        "npm": ">=8.0.0"
      }
    }
  }
}
