{
  "name": "@zerobias-org/crosswalk-complianceforge-scf-2025_2_1_eu_ai_v2024",
  "version": "1.0.0",
  "lockfileVersion": 3,
  "requires": true,
  "packages": {
    "": {
      "name": "@zerobias-org/crosswalk-complianceforge-scf-2025_2_1_eu_ai_v2024",
      "version": "1.0.0",
      "license": "ISC",
      "dependencies": {
        "@zerobias-org/framework-complianceforge-scf-2025.2.1": "latest",
        "@zerobias-org/framework-eu-ai-v2024": "latest"
      },
      "engines": {
        "node": ">=16.11.0",
        "npm": ">=8.0.0"
      }
    },
    "node_modules/@zerobias-org/framework-complianceforge-scf-2025.2.1": {
      "version": "1.0.1",
      "resolved": "https://pkg.zerobias.org/@zerobias-org/framework-complianceforge-scf-2025.2.1/-/framework-complianceforge-scf-2025.2.1-1.0.1.tgz",
      "integrity": "sha512-odK923QAy8MuDiLyX0hFYoSmNumHOZHLnkIEgQFw/i0p8gz8kAnTWCcO4gKGHmsYABv2baQ+eHlxdTlv9E12gQ==",
      "license": "MIT",
      "engines": {
        "node": ">=16.11.0",
        "npm": ">=8.0.0"
      }
    },
    "node_modules/@zerobias-org/framework-eu-ai-v2024": {
      "version": "1.1.0",
      "resolved": "https://pkg.zerobias.org/@zerobias-org/framework-eu-ai-v2024/-/framework-eu-ai-v2024-1.1.0.tgz",
      "integrity": "sha512-2zmmreXoVlS6tq4cFK859U8nZC+RdRzUWfm7afBhHAX1dfJeV2Hz9IlLcCDEIqJxUrJJJZH9UB99j70cduWwqw==",
      "license": "ISC",
      "dependencies": {
        "@zerobias-org/suite-eu-ai": "latest"
      },
      "engines": {
        "node": ">=16.11.0",
        "npm": ">=8.0.0"
      }
    },
    "node_modules/@zerobias-org/suite-eu-ai": {
      "version": "1.1.0",
      "resolved": "https://pkg.zerobias.org/@zerobias-org/suite-eu-ai/-/suite-eu-ai-1.1.0.tgz",
      "integrity": "sha512-+jxs0iwloFt7oyUQ304U9rG+Qfisoc3vDkGmNCsx4/WANncfvltKqK9pVK0ltjBI3KNZm/sjvkgBsh3KYZn9Xg==",
      "license": "ISC",
      "dependencies": {
        "@zerobias-org/vendor-eu": "^1.0.0"
      }
    },
    "node_modules/@zerobias-org/vendor-eu": {
      "version": "1.0.2",
      "resolved": "https://pkg.zerobias.org/@zerobias-org/vendor-eu/-/vendor-eu-1.0.2.tgz",
      "integrity": "sha512-cjiUsmH/AlgqEL9ypYsabdF8ZPeVx/OZhoF4P07S+JI9EN53ZvdrTkvsFaSwojDAuC9A23qKTV2s4Url2HgcTQ==",
      "license": "ISC",
      "engines": {
        "node": ">=16.11.0",
        "npm": ">=8.0.0"
      }
    }
  }
}
