{
  "name": "@zerobias-org/crosswalk-opencre-opencre-v1_nist_80053_rev5",
  "version": "2.1.0",
  "lockfileVersion": 3,
  "requires": true,
  "packages": {
    "": {
      "name": "@zerobias-org/crosswalk-opencre-opencre-v1_nist_80053_rev5",
      "version": "2.1.0",
      "license": "CC0-1.0",
      "dependencies": {
        "@zerobias-org/framework-nist-80053-rev5": "*",
        "@zerobias-org/framework-opencre-opencre-v1": "*",
        "@zerobias-org/suite-opencre-opencre": "*"
      }
    },
    "node_modules/@zerobias-org/framework-nist-80053-rev5": {
      "version": "3.0.0",
      "integrity": "sha512-UMKTYDW3XFkl0gvoqm+VBv8BfGBw1OILpQWT6D+IlYhNzWOZhNjtudECOvo7ON0bZ17L205ayt2uWqTrywMX7w==",
      "license": "ISC",
      "dependencies": {
        "@zerobias-org/suite-nist-800-53": "latest"
      }
    },
    "node_modules/@zerobias-org/framework-opencre-opencre-v1": {
      "version": "2.0.4",
      "integrity": "sha512-Wgzat2PeKAUI9PQHSfFezj4mdm5Mmnq4v7u6KT94A7ej3ya3BJv7owT2VRvhsaOXxH3y6cuPLcMqKurSu2hmIQ==",
      "license": "ISC",
      "dependencies": {
        "@zerobias-org/suite-opencre-opencre": "latest"
      }
    },
    "node_modules/@zerobias-org/suite-nist-800-53": {
      "version": "2.0.2",
      "integrity": "sha512-/Bk5dFJ0ZEB81N3idTReK2U59Q2OJmEFrMIq9SUKmgwyNjFat4MqOc3qaL7jFySyBbp+E9K1oro8pT0iDqR3lw==",
      "license": "ISC",
      "dependencies": {
        "@zerobias-org/vendor-nist": "*"
      }
    },
    "node_modules/@zerobias-org/suite-opencre-opencre": {
      "version": "2.0.1",
      "integrity": "sha512-ONifR9ayCdmOOrAUNPbskkB70QN/5e9WvbzGOB6uWum3wdqbxc9O8zZUfK+bpfN7tm0sphxqdusSEDgYQMO+PA==",
      "license": "ISC",
      "dependencies": {
        "@zerobias-org/vendor-opencre": "*"
      }
    },
    "node_modules/@zerobias-org/vendor-nist": {
      "version": "2.0.1",
      "integrity": "sha512-NjIQ5u841I/1TAl3W9ogHMYPbywAuofDzibEawFXszvSgXiZ4j2tjIe38JmpHUrws/6wo3ij2TYxBA1GzbQtpw==",
      "license": "ISC"
    },
    "node_modules/@zerobias-org/vendor-opencre": {
      "version": "2.0.1",
      "integrity": "sha512-0zVeU5CwJlGSy5I2pRvKmZT9bNDnP7cxQgTHpJXcT8DsApRVIrkJKI+K1OAbXH7pTi9ANqtymJbiXXH2RI8c4A==",
      "license": "ISC"
    }
  }
}
