{
   "name": "@zerobias-org/crosswalk-opencre-opencre-v1_nist_80053_rev5",
   "version": "1.0.0",
   "lockfileVersion": 2,
   "requires": true,
   "packages": {
      "": {
         "name": "@zerobias-org/crosswalk-opencre-opencre-v1_nist_80053_rev5",
         "version": "1.0.0",
         "license": "ISC",
         "dependencies": {
            "@auditlogic/framework-nist-80053-rev5": "^1.0.10",
            "@auditlogic/suite-opencre-opencre": "^1.0.0",
            "@zerobias-org/framework-opencre-opencre-v1": "^1.1.3"
         }
      },
      "node_modules/@auditlogic/framework-nist-80053-rev5": {
         "version": "1.0.10",
         "resolved": "https://pkg.zerobias.org/@auditlogic/framework-nist-80053-rev5/-/087f17d9ba762690d64becb86974eca522e418e0",
         "integrity": "sha512-O8nXeg7TNpI8Q/WsH90MQlMZlCyp++rfv93SKwmV/C+mpgEyA9tMGaCjwxcJA4wf+MCMj+DGz4vYoWhCoxoy9g==",
         "dependencies": {
            "@auditlogic/suite-nist-800-53": "^1.0.7"
         },
         "engines": {
            "node": ">=16.11.0",
            "npm": ">=8.0.0"
         }
      },
      "node_modules/@auditlogic/suite-nist-800-53": {
         "version": "1.0.7",
         "resolved": "https://pkg.zerobias.org/@auditlogic/suite-nist-800-53/-/547ccab487c3b9648b1c88f17f086f4e4be16727",
         "integrity": "sha512-Hre4JVhv21Gfe0iyIPNK3qVJff5gv46PxpuKr6IW/3IR8ag8oGWotA3IonnCjSSAA1U3KTItMS9EccwtM4PeQQ==",
         "dependencies": {
            "@auditlogic/vendor-nist": "^1.0.7"
         }
      },
      "node_modules/@auditlogic/suite-opencre-opencre": {
         "version": "1.0.0",
         "resolved": "https://pkg.zerobias.org/@auditlogic/suite-opencre-opencre/-/26b34dec1e24996a5730bd9fdac82c9ffdbe03c6",
         "integrity": "sha512-vg89yc3sXx1WXo26f/glgD3qILfotgZ+RiA8wy6mrMR7xi1vztXhQ1QFY2PID1A9IHDfCrFtJv7hXkBp7wHdNA==",
         "dependencies": {
            "@auditlogic/vendor-opencre": "^1.0.0"
         }
      },
      "node_modules/@auditlogic/vendor-nist": {
         "version": "1.0.7",
         "resolved": "https://pkg.zerobias.org/@auditlogic/vendor-nist/-/69cb07ddb552798b9187b749b3bfeb5359111187",
         "integrity": "sha512-Bq9uno0v6B9pmZhxfh3veYvLeZDSyx6O0RgrPTxwnTHoESA4Zj93sBKA0cm39t8Z/3sP9ZTZ9vOz/D/l8LVo8g=="
      },
      "node_modules/@auditlogic/vendor-opencre": {
         "version": "1.0.0",
         "resolved": "https://pkg.zerobias.org/@auditlogic/vendor-opencre/-/83dd86d9ba18ae70bc47a3373ad14c17988cca94",
         "integrity": "sha512-h4mM5QO2yK+f8nQYlXY3SzGSDhF0Gq6KsZyfbuUK16Ewa8FkC1I1SXBodg7Ul+OXf0vehhodpeii5kidqcVejw=="
      },
      "node_modules/@zerobias-org/framework-opencre-opencre-v1": {
         "version": "1.1.3",
         "resolved": "https://pkg.zerobias.org/@zerobias-org/framework-opencre-opencre-v1/-/framework-opencre-opencre-v1-1.1.3.tgz",
         "integrity": "sha512-sfNV65R1S1SOHmJr9bBDsryDo3+MuYoBQCqmwK34EPajbd6km+VWnE4UHus3vPwKCg17jVVvNsPIETpyZkh1DQ==",
         "dependencies": {
            "@auditlogic/suite-opencre-opencre": "latest"
         }
      }
   },
   "dependencies": {
      "@auditlogic/framework-nist-80053-rev5": {
         "version": "1.0.10",
         "resolved": "https://pkg.zerobias.org/@auditlogic/framework-nist-80053-rev5/-/087f17d9ba762690d64becb86974eca522e418e0",
         "integrity": "sha512-O8nXeg7TNpI8Q/WsH90MQlMZlCyp++rfv93SKwmV/C+mpgEyA9tMGaCjwxcJA4wf+MCMj+DGz4vYoWhCoxoy9g==",
         "requires": {
            "@auditlogic/suite-nist-800-53": "^1.0.7"
         }
      },
      "@auditlogic/suite-nist-800-53": {
         "version": "1.0.7",
         "resolved": "https://pkg.zerobias.org/@auditlogic/suite-nist-800-53/-/547ccab487c3b9648b1c88f17f086f4e4be16727",
         "integrity": "sha512-Hre4JVhv21Gfe0iyIPNK3qVJff5gv46PxpuKr6IW/3IR8ag8oGWotA3IonnCjSSAA1U3KTItMS9EccwtM4PeQQ==",
         "requires": {
            "@auditlogic/vendor-nist": "^1.0.7"
         }
      },
      "@auditlogic/suite-opencre-opencre": {
         "version": "1.0.0",
         "resolved": "https://pkg.zerobias.org/@auditlogic/suite-opencre-opencre/-/26b34dec1e24996a5730bd9fdac82c9ffdbe03c6",
         "integrity": "sha512-vg89yc3sXx1WXo26f/glgD3qILfotgZ+RiA8wy6mrMR7xi1vztXhQ1QFY2PID1A9IHDfCrFtJv7hXkBp7wHdNA==",
         "requires": {
            "@auditlogic/vendor-opencre": "^1.0.0"
         }
      },
      "@auditlogic/vendor-nist": {
         "version": "1.0.7",
         "resolved": "https://pkg.zerobias.org/@auditlogic/vendor-nist/-/69cb07ddb552798b9187b749b3bfeb5359111187",
         "integrity": "sha512-Bq9uno0v6B9pmZhxfh3veYvLeZDSyx6O0RgrPTxwnTHoESA4Zj93sBKA0cm39t8Z/3sP9ZTZ9vOz/D/l8LVo8g=="
      },
      "@auditlogic/vendor-opencre": {
         "version": "1.0.0",
         "resolved": "https://pkg.zerobias.org/@auditlogic/vendor-opencre/-/83dd86d9ba18ae70bc47a3373ad14c17988cca94",
         "integrity": "sha512-h4mM5QO2yK+f8nQYlXY3SzGSDhF0Gq6KsZyfbuUK16Ewa8FkC1I1SXBodg7Ul+OXf0vehhodpeii5kidqcVejw=="
      },
      "@zerobias-org/framework-opencre-opencre-v1": {
         "version": "1.1.3",
         "resolved": "https://pkg.zerobias.org/@zerobias-org/framework-opencre-opencre-v1/-/framework-opencre-opencre-v1-1.1.3.tgz",
         "integrity": "sha512-sfNV65R1S1SOHmJr9bBDsryDo3+MuYoBQCqmwK34EPajbd6km+VWnE4UHus3vPwKCg17jVVvNsPIETpyZkh1DQ==",
         "requires": {
            "@auditlogic/suite-opencre-opencre": "latest"
         }
      }
   }
}
