{
  "name": "@zerobias-org/crosswalk-complianceforge-scf-2025_2_1_cn_csl_v1",
  "version": "1.0.0",
  "lockfileVersion": 3,
  "requires": true,
  "packages": {
    "": {
      "name": "@zerobias-org/crosswalk-complianceforge-scf-2025_2_1_cn_csl_v1",
      "version": "1.0.0",
      "license": "ISC",
      "dependencies": {
        "@zerobias-org/framework-cn-csl-v1": "latest",
        "@zerobias-org/framework-complianceforge-scf-2025.2.1": "latest"
      },
      "engines": {
        "node": ">=16.11.0",
        "npm": ">=8.0.0"
      }
    },
    "node_modules/@zerobias-org/framework-cn-csl-v1": {
      "version": "1.1.0",
      "resolved": "https://pkg.zerobias.org/@zerobias-org/framework-cn-csl-v1/-/framework-cn-csl-v1-1.1.0.tgz",
      "integrity": "sha512-fJys0mDuhmb3gla/5Rz3ECOmBWTNYhjJcKxyroo1H0+Kj2DEzIDswu6ZJ0BI9DvyjJR9DY42X42Ue7KOaE4fOw==",
      "license": "ISC",
      "dependencies": {
        "@zerobias-org/suite-cn-csl": "latest"
      },
      "engines": {
        "node": ">=16.11.0",
        "npm": ">=8.0.0"
      }
    },
    "node_modules/@zerobias-org/framework-complianceforge-scf-2025.2.1": {
      "version": "1.0.1",
      "resolved": "https://pkg.zerobias.org/@zerobias-org/framework-complianceforge-scf-2025.2.1/-/framework-complianceforge-scf-2025.2.1-1.0.1.tgz",
      "integrity": "sha512-odK923QAy8MuDiLyX0hFYoSmNumHOZHLnkIEgQFw/i0p8gz8kAnTWCcO4gKGHmsYABv2baQ+eHlxdTlv9E12gQ==",
      "license": "MIT",
      "engines": {
        "node": ">=16.11.0",
        "npm": ">=8.0.0"
      }
    },
    "node_modules/@zerobias-org/suite-cn-csl": {
      "version": "1.0.2",
      "resolved": "https://pkg.zerobias.org/@zerobias-org/suite-cn-csl/-/suite-cn-csl-1.0.2.tgz",
      "integrity": "sha512-amJXrxt1VUh2GN1obsYDveHELYD/vp+t2TOgs5M8HMAnV1oevrVoOwTzjNzoG2/4n6SITH3XELlBoG6oDRN/kw==",
      "license": "ISC",
      "dependencies": {
        "@zerobias-org/vendor-cn": "latest"
      },
      "engines": {
        "node": ">=16.11.0",
        "npm": ">=8.0.0"
      }
    },
    "node_modules/@zerobias-org/vendor-cn": {
      "version": "1.0.2",
      "resolved": "https://pkg.zerobias.org/@zerobias-org/vendor-cn/-/vendor-cn-1.0.2.tgz",
      "integrity": "sha512-UCie1t+En2wFBc0EIw7WzXEtp30KX3wzP+LedV/WcPpbXycwe02llomh+wQlWtOh7DMRNqB3XlG8Az3txNuJfw==",
      "license": "ISC",
      "engines": {
        "node": ">=16.11.0",
        "npm": ">=8.0.0"
      }
    }
  }
}
