{
  "name": "@zerobias-org/crosswalk-complianceforge-scf-2025_2_1_iso_42001_2023",
  "version": "1.0.0",
  "lockfileVersion": 3,
  "requires": true,
  "packages": {
    "": {
      "name": "@zerobias-org/crosswalk-complianceforge-scf-2025_2_1_iso_42001_2023",
      "version": "1.0.0",
      "license": "ISC",
      "dependencies": {
        "@zerobias-org/framework-complianceforge-scf-2025.2.1": "latest",
        "@zerobias-org/framework-iso-42001-2023": "latest"
      },
      "engines": {
        "node": ">=16.11.0",
        "npm": ">=8.0.0"
      }
    },
    "node_modules/@zerobias-org/framework-complianceforge-scf-2025.2.1": {
      "version": "1.0.1",
      "resolved": "https://pkg.zerobias.org/@zerobias-org/framework-complianceforge-scf-2025.2.1/-/framework-complianceforge-scf-2025.2.1-1.0.1.tgz",
      "integrity": "sha512-odK923QAy8MuDiLyX0hFYoSmNumHOZHLnkIEgQFw/i0p8gz8kAnTWCcO4gKGHmsYABv2baQ+eHlxdTlv9E12gQ==",
      "license": "MIT",
      "engines": {
        "node": ">=16.11.0",
        "npm": ">=8.0.0"
      }
    },
    "node_modules/@zerobias-org/framework-iso-42001-2023": {
      "version": "1.0.1-rc.0",
      "resolved": "https://pkg.zerobias.org/@zerobias-org/framework-iso-42001-2023/-/framework-iso-42001-2023-1.0.1-rc.0.tgz",
      "integrity": "sha512-tBZMVo17ONU4ZgkLQD4XIXd8FYAxbcV8q9z+53q8jL/7WF0rcLGzaCUkVx/HLbYfl/URNe9+eFdiK6WzDlLzmw==",
      "license": "ISC",
      "dependencies": {
        "@zerobias-org/suite-iso-42001": "latest"
      },
      "engines": {
        "node": ">=16.11.0",
        "npm": ">=8.0.0"
      }
    },
    "node_modules/@zerobias-org/suite-iso-42001": {
      "version": "1.0.2",
      "resolved": "https://pkg.zerobias.org/@zerobias-org/suite-iso-42001/-/suite-iso-42001-1.0.2.tgz",
      "integrity": "sha512-mvyBtwp3R7ULF0+5UJXDK8dMM6ul4ctqrZtLpZ/HOe4nO+GXuUx29rcmVshChGK9/Chq+Rbpjj/WZtlwsyY1ng==",
      "license": "ISC",
      "dependencies": {
        "@zerobias-org/vendor-iso": "latest"
      },
      "engines": {
        "node": ">=16.11.0",
        "npm": ">=8.0.0"
      }
    },
    "node_modules/@zerobias-org/vendor-iso": {
      "version": "1.0.5",
      "resolved": "https://pkg.zerobias.org/@zerobias-org/vendor-iso/-/vendor-iso-1.0.5.tgz",
      "integrity": "sha512-LsubI5Og0TUJ4P15kuDXMq/nbxtSj2XDYG6Oza4B+JPmfdhXINh0CdEfCwJhV0yZTIFdy3hgnVVwQLQg2asSoQ==",
      "license": "ISC"
    }
  }
}
