{
  "name": "@zerobias-org/crosswalk-nist-800_218-v1_1_nist_ir8397_v1",
  "version": "3.0.0",
  "lockfileVersion": 3,
  "requires": true,
  "packages": {
    "": {
      "name": "@zerobias-org/crosswalk-nist-800_218-v1_1_nist_ir8397_v1",
      "version": "3.0.0",
      "license": "ISC",
      "dependencies": {
        "@zerobias-org/framework-nist-800_218-v1_1": "*",
        "@zerobias-org/framework-nist-ir8397-v1": "*",
        "@zerobias-org/suite-nist-800_218": "*",
        "@zerobias-org/suite-nist-ir8397": "*"
      }
    },
    "node_modules/@zerobias-org/framework-nist-800_218-v1_1": {
      "version": "2.2.0",
      "integrity": "sha512-tXqtORuD6CW8E5ays8VSgPc//ZvMAc/y21lXn9An8zDYsE17czb4Zyt9les1i4mhsfkwN9EAsXbzSVNlurL43g==",
      "license": "ISC",
      "dependencies": {
        "@zerobias-org/suite-nist-800_218": "latest"
      }
    },
    "node_modules/@zerobias-org/framework-nist-ir8397-v1": {
      "version": "2.0.0",
      "integrity": "sha512-EeEXbJS98tjT1DypRN/rpc0vBs/jHYSN4Pq3pSK47NhgY1MfqyXNIqkDYZh1sxTADAjRU4CLicF2iFlR/BRc2Q==",
      "license": "ISC",
      "dependencies": {
        "@zerobias-org/suite-nist-ir8397": "latest"
      }
    },
    "node_modules/@zerobias-org/suite-nist-800_218": {
      "version": "2.0.3",
      "integrity": "sha512-sC2Dlj1MZVOxUaRlYUm9IHyMGLZ2ImVAFDPm6/y2eD6FmUblB/CleoIu+heIn5fYt4thZJOBt+HMfzpBHY2fjQ==",
      "license": "ISC",
      "dependencies": {
        "@zerobias-org/vendor-nist": "*"
      }
    },
    "node_modules/@zerobias-org/suite-nist-ir8397": {
      "version": "2.0.2",
      "integrity": "sha512-iAwzldcE5aCsVPumArdxJOcVcGmUdv2YBQ63OGfuBcVCjRNjyeP7sC3UEOeKy/P3ZwgVvb41A90tsXGq43hBqw==",
      "license": "ISC",
      "dependencies": {
        "@zerobias-org/vendor-nist": "*"
      }
    },
    "node_modules/@zerobias-org/vendor-nist": {
      "version": "2.0.1",
      "integrity": "sha512-NjIQ5u841I/1TAl3W9ogHMYPbywAuofDzibEawFXszvSgXiZ4j2tjIe38JmpHUrws/6wo3ij2TYxBA1GzbQtpw==",
      "license": "ISC"
    }
  }
}
