{
  "name": "@zerobias-org/crosswalk-aiuc-aiuc-1-v1_eu_ai_act_v1",
  "version": "1.0.0",
  "lockfileVersion": 3,
  "requires": true,
  "packages": {
    "": {
      "name": "@zerobias-org/crosswalk-aiuc-aiuc-1-v1_eu_ai_act_v1",
      "version": "1.0.0",
      "license": "Apache-2.0",
      "dependencies": {
        "@zerobias-org/framework-aiuc-aiuc-1-v1": "latest"
      },
      "peerDependencies": {
        "@zerobias-org/framework-eu-ai_act-v1": "*"
      },
      "peerDependenciesMeta": {
        "@zerobias-org/framework-eu-ai_act-v1": {
          "optional": true
        }
      }
    }
  }
}
