{
  "name": "@zerobias-org/crosswalk-complianceforge-scf-2025_2_1_naic_mdl_v1",
  "version": "1.0.0",
  "lockfileVersion": 3,
  "requires": true,
  "packages": {
    "": {
      "name": "@zerobias-org/crosswalk-complianceforge-scf-2025_2_1_naic_mdl_v1",
      "version": "1.0.0",
      "license": "ISC",
      "dependencies": {
        "@zerobias-org/framework-complianceforge-scf-2025.2.1": "latest",
        "@zerobias-org/framework-naic-mdl-v1": "latest"
      },
      "engines": {
        "node": ">=16.11.0",
        "npm": ">=8.0.0"
      }
    },
    "node_modules/@zerobias-org/framework-complianceforge-scf-2025.2.1": {
      "version": "1.0.1",
      "resolved": "https://pkg.zerobias.org/@zerobias-org/framework-complianceforge-scf-2025.2.1/-/framework-complianceforge-scf-2025.2.1-1.0.1.tgz",
      "integrity": "sha512-odK923QAy8MuDiLyX0hFYoSmNumHOZHLnkIEgQFw/i0p8gz8kAnTWCcO4gKGHmsYABv2baQ+eHlxdTlv9E12gQ==",
      "license": "MIT",
      "engines": {
        "node": ">=16.11.0",
        "npm": ">=8.0.0"
      }
    },
    "node_modules/@zerobias-org/framework-naic-mdl-v1": {
      "version": "1.0.1-rc.0",
      "resolved": "https://pkg.zerobias.org/@zerobias-org/framework-naic-mdl-v1/-/framework-naic-mdl-v1-1.0.1-rc.0.tgz",
      "integrity": "sha512-Vj+mV7o6w+WqgDoaspp/dv8I9ha5a07ebNBrSth09437sH/QtjD+iQYONon74FbfalPo0/ezViEgVTTNG0dd4Q==",
      "license": "ISC",
      "dependencies": {
        "@zerobias-org/suite-naic-mdl": "latest"
      },
      "engines": {
        "node": ">=16.11.0",
        "npm": ">=8.0.0"
      }
    },
    "node_modules/@zerobias-org/suite-naic-mdl": {
      "version": "1.0.2",
      "resolved": "https://pkg.zerobias.org/@zerobias-org/suite-naic-mdl/-/suite-naic-mdl-1.0.2.tgz",
      "integrity": "sha512-rGppekHVSIKhj3lmgSB2HyJVcI7e2LS3X5KqJXDNF4LI3Hi0ZFcXTcC9D8HptimW74vA7M7+skj1M0r6Itq7UQ==",
      "license": "ISC",
      "dependencies": {
        "@zerobias-org/vendor-naic": "latest"
      },
      "engines": {
        "node": ">=16.11.0",
        "npm": ">=8.0.0"
      }
    },
    "node_modules/@zerobias-org/vendor-naic": {
      "version": "1.0.2",
      "resolved": "https://pkg.zerobias.org/@zerobias-org/vendor-naic/-/vendor-naic-1.0.2.tgz",
      "integrity": "sha512-N8QzWqxa+Meu6kij2rBVWjCGgWo5hXf32sw2kyHOqTbzl2nkfw7ktndlQSSTmioz3J20MFtMhJRDnE53ul1lvQ==",
      "license": "ISC",
      "engines": {
        "node": ">=16.11.0",
        "npm": ">=8.0.0"
      }
    }
  }
}
