{
  "name": "@zerobias-org/crosswalk-complianceforge-scf-2025_2_1_us_or_cpa_v1",
  "version": "1.0.0",
  "lockfileVersion": 3,
  "requires": true,
  "packages": {
    "": {
      "name": "@zerobias-org/crosswalk-complianceforge-scf-2025_2_1_us_or_cpa_v1",
      "version": "1.0.0",
      "license": "ISC",
      "dependencies": {
        "@zerobias-org/framework-complianceforge-scf-2025.2.1": "latest",
        "@zerobias-org/framework-us_or-cpa-v1": "latest"
      },
      "engines": {
        "node": ">=16.11.0",
        "npm": ">=8.0.0"
      }
    },
    "node_modules/@zerobias-org/framework-complianceforge-scf-2025.2.1": {
      "version": "1.0.1",
      "resolved": "https://pkg.zerobias.org/@zerobias-org/framework-complianceforge-scf-2025.2.1/-/framework-complianceforge-scf-2025.2.1-1.0.1.tgz",
      "integrity": "sha512-odK923QAy8MuDiLyX0hFYoSmNumHOZHLnkIEgQFw/i0p8gz8kAnTWCcO4gKGHmsYABv2baQ+eHlxdTlv9E12gQ==",
      "license": "MIT",
      "engines": {
        "node": ">=16.11.0",
        "npm": ">=8.0.0"
      }
    },
    "node_modules/@zerobias-org/framework-us_or-cpa-v1": {
      "version": "1.1.0-rc.0",
      "resolved": "https://pkg.zerobias.org/@zerobias-org/framework-us_or-cpa-v1/-/framework-us_or-cpa-v1-1.1.0-rc.0.tgz",
      "integrity": "sha512-l1gI1Uzz3iG0i5HS8VfEuIvhrkeY2qQX9PVmLU6oR9pwTMowuEer0X2VQXAXN9fj0RWGHRO+F72W3WUP/ulijA==",
      "license": "ISC",
      "dependencies": {
        "@zerobias-org/suite-us_or-cpa": "latest"
      },
      "engines": {
        "node": ">=16.11.0",
        "npm": ">=8.0.0"
      }
    },
    "node_modules/@zerobias-org/suite-us_or-cpa": {
      "version": "1.1.0",
      "resolved": "https://pkg.zerobias.org/@zerobias-org/suite-us_or-cpa/-/suite-us_or-cpa-1.1.0.tgz",
      "integrity": "sha512-EUJjLGTJEyJmQpWb3BDSDfWitXnJW0lvD9w7lrOYjHn1uYBJ9iaJWEJfM9uqFkxKoFOUioViRPbffujXFN7l/g==",
      "license": "ISC",
      "dependencies": {
        "@zerobias-org/vendor-us_or": "^1.0.0"
      }
    },
    "node_modules/@zerobias-org/vendor-us_or": {
      "version": "1.0.2",
      "resolved": "https://pkg.zerobias.org/@zerobias-org/vendor-us_or/-/vendor-us_or-1.0.2.tgz",
      "integrity": "sha512-IDompPPDYGQwNm6nYd1Y+mCmRyukOmgMaH2MauMpEWPbXKQnSv9yyITJpZQKdqFDRnlQGn3hnW5RzsTO0FFduw==",
      "license": "ISC",
      "engines": {
        "node": ">=16.11.0",
        "npm": ">=8.0.0"
      }
    }
  }
}
