{
  "name": "@zerobias-org/crosswalk-opencre-opencre-v1_owasp_samm_v1_0",
  "version": "1.0.1",
  "lockfileVersion": 2,
  "requires": true,
  "packages": {
    "": {
      "name": "@zerobias-org/crosswalk-opencre-opencre-v1_owasp_samm_v1_0",
      "version": "1.0.1",
      "license": "ISC",
      "dependencies": {
        "@auditlogic/framework-owasp-samm-v1.0": "latest",
        "@auditlogic/suite-opencre-opencre": "latest",
        "@zerobias-org/framework-opencre-opencre-v1": "latest"
      }
    },
    "node_modules/@auditlogic/framework-owasp-samm-v1.0": {
      "version": "1.1.3",
      "resolved": "https://pkg.zerobias.org/@auditlogic/framework-owasp-samm-v1.0/-/2c9b7f1011deb251d11568a51b1516fd31fab2df",
      "integrity": "sha512-qF8QQ1kB/clWOG5+LWfHGeVu7wvR9dMxNuqkAh9nYeHXDWdvQgk/lJd5tF5w7xDRQ5ViklwwaYC8lW7/83Pepg==",
      "dependencies": {
        "@auditlogic/suite-owasp-samm": "^1.0.0"
      },
      "engines": {
        "node": ">=16.11.0",
        "npm": ">=8.0.0"
      }
    },
    "node_modules/@auditlogic/suite-opencre-opencre": {
      "version": "1.0.0",
      "resolved": "https://pkg.zerobias.org/@auditlogic/suite-opencre-opencre/-/26b34dec1e24996a5730bd9fdac82c9ffdbe03c6",
      "integrity": "sha512-vg89yc3sXx1WXo26f/glgD3qILfotgZ+RiA8wy6mrMR7xi1vztXhQ1QFY2PID1A9IHDfCrFtJv7hXkBp7wHdNA==",
      "dependencies": {
        "@auditlogic/vendor-opencre": "^1.0.0"
      }
    },
    "node_modules/@auditlogic/suite-owasp-samm": {
      "version": "1.0.0",
      "resolved": "https://pkg.zerobias.org/@auditlogic/suite-owasp-samm/-/616439f1f96bc898d689e221eca43948bdfbaeb6",
      "integrity": "sha512-+bo45ykmEU0iXsPBZICTYXqtzlB5qqy7tPBLwAQCAlleytPaZtVm04h5YKsqAiaIwMliBRmagHZwT9n95KJBDA==",
      "dependencies": {
        "@auditlogic/vendor-owasp": "^1.0.1"
      }
    },
    "node_modules/@auditlogic/vendor-opencre": {
      "version": "1.0.0",
      "resolved": "https://pkg.zerobias.org/@auditlogic/vendor-opencre/-/83dd86d9ba18ae70bc47a3373ad14c17988cca94",
      "integrity": "sha512-h4mM5QO2yK+f8nQYlXY3SzGSDhF0Gq6KsZyfbuUK16Ewa8FkC1I1SXBodg7Ul+OXf0vehhodpeii5kidqcVejw=="
    },
    "node_modules/@auditlogic/vendor-owasp": {
      "version": "1.0.1",
      "resolved": "https://pkg.zerobias.org/@auditlogic/vendor-owasp/-/9ad3b0a1874717385c417ec12767b76ed55ae69c",
      "integrity": "sha512-MOeo5WNAmSdAomUONbvYjRf0gn0oaRQDlX6MOP3UQrr/7XB1+LcxQ1xG35HffrS6eS2/o0I1zEMPrTUSOhxSQw=="
    },
    "node_modules/@zerobias-org/framework-opencre-opencre-v1": {
      "version": "1.1.3",
      "resolved": "https://pkg.zerobias.org/@zerobias-org/framework-opencre-opencre-v1/-/framework-opencre-opencre-v1-1.1.3.tgz",
      "integrity": "sha512-sfNV65R1S1SOHmJr9bBDsryDo3+MuYoBQCqmwK34EPajbd6km+VWnE4UHus3vPwKCg17jVVvNsPIETpyZkh1DQ==",
      "dependencies": {
        "@auditlogic/suite-opencre-opencre": "latest"
      }
    }
  },
  "dependencies": {
    "@auditlogic/framework-owasp-samm-v1.0": {
      "version": "1.1.3",
      "resolved": "https://pkg.zerobias.org/@auditlogic/framework-owasp-samm-v1.0/-/2c9b7f1011deb251d11568a51b1516fd31fab2df",
      "integrity": "sha512-qF8QQ1kB/clWOG5+LWfHGeVu7wvR9dMxNuqkAh9nYeHXDWdvQgk/lJd5tF5w7xDRQ5ViklwwaYC8lW7/83Pepg==",
      "requires": {
        "@auditlogic/suite-owasp-samm": "^1.0.0"
      }
    },
    "@auditlogic/suite-opencre-opencre": {
      "version": "1.0.0",
      "resolved": "https://pkg.zerobias.org/@auditlogic/suite-opencre-opencre/-/26b34dec1e24996a5730bd9fdac82c9ffdbe03c6",
      "integrity": "sha512-vg89yc3sXx1WXo26f/glgD3qILfotgZ+RiA8wy6mrMR7xi1vztXhQ1QFY2PID1A9IHDfCrFtJv7hXkBp7wHdNA==",
      "requires": {
        "@auditlogic/vendor-opencre": "^1.0.0"
      }
    },
    "@auditlogic/suite-owasp-samm": {
      "version": "1.0.0",
      "resolved": "https://pkg.zerobias.org/@auditlogic/suite-owasp-samm/-/616439f1f96bc898d689e221eca43948bdfbaeb6",
      "integrity": "sha512-+bo45ykmEU0iXsPBZICTYXqtzlB5qqy7tPBLwAQCAlleytPaZtVm04h5YKsqAiaIwMliBRmagHZwT9n95KJBDA==",
      "requires": {
        "@auditlogic/vendor-owasp": "^1.0.1"
      }
    },
    "@auditlogic/vendor-opencre": {
      "version": "1.0.0",
      "resolved": "https://pkg.zerobias.org/@auditlogic/vendor-opencre/-/83dd86d9ba18ae70bc47a3373ad14c17988cca94",
      "integrity": "sha512-h4mM5QO2yK+f8nQYlXY3SzGSDhF0Gq6KsZyfbuUK16Ewa8FkC1I1SXBodg7Ul+OXf0vehhodpeii5kidqcVejw=="
    },
    "@auditlogic/vendor-owasp": {
      "version": "1.0.1",
      "resolved": "https://pkg.zerobias.org/@auditlogic/vendor-owasp/-/9ad3b0a1874717385c417ec12767b76ed55ae69c",
      "integrity": "sha512-MOeo5WNAmSdAomUONbvYjRf0gn0oaRQDlX6MOP3UQrr/7XB1+LcxQ1xG35HffrS6eS2/o0I1zEMPrTUSOhxSQw=="
    },
    "@zerobias-org/framework-opencre-opencre-v1": {
      "version": "1.1.3",
      "resolved": "https://pkg.zerobias.org/@zerobias-org/framework-opencre-opencre-v1/-/framework-opencre-opencre-v1-1.1.3.tgz",
      "integrity": "sha512-sfNV65R1S1SOHmJr9bBDsryDo3+MuYoBQCqmwK34EPajbd6km+VWnE4UHus3vPwKCg17jVVvNsPIETpyZkh1DQ==",
      "requires": {
        "@auditlogic/suite-opencre-opencre": "latest"
      }
    }
  }
}
