{
  "name": "@zerobias-org/crosswalk-complianceforge-scf-2025_2_1_es_boe_v2022",
  "version": "1.0.0",
  "lockfileVersion": 3,
  "requires": true,
  "packages": {
    "": {
      "name": "@zerobias-org/crosswalk-complianceforge-scf-2025_2_1_es_boe_v2022",
      "version": "1.0.0",
      "license": "ISC",
      "dependencies": {
        "@zerobias-org/framework-complianceforge-scf-2025.2.1": "latest",
        "@zerobias-org/framework-es-boe-v2022": "latest"
      },
      "engines": {
        "node": ">=16.11.0",
        "npm": ">=8.0.0"
      }
    },
    "node_modules/@zerobias-org/framework-complianceforge-scf-2025.2.1": {
      "version": "1.0.1",
      "resolved": "https://pkg.zerobias.org/@zerobias-org/framework-complianceforge-scf-2025.2.1/-/framework-complianceforge-scf-2025.2.1-1.0.1.tgz",
      "integrity": "sha512-odK923QAy8MuDiLyX0hFYoSmNumHOZHLnkIEgQFw/i0p8gz8kAnTWCcO4gKGHmsYABv2baQ+eHlxdTlv9E12gQ==",
      "license": "MIT",
      "engines": {
        "node": ">=16.11.0",
        "npm": ">=8.0.0"
      }
    },
    "node_modules/@zerobias-org/framework-es-boe-v2022": {
      "version": "1.1.0",
      "resolved": "https://pkg.zerobias.org/@zerobias-org/framework-es-boe-v2022/-/framework-es-boe-v2022-1.1.0.tgz",
      "integrity": "sha512-Jw5tJ116w6rEKeziYpW9S8AY8lWqs8VHbPOlpavDOsKzxYAg83vlmtSZwwZLOTV0YVLFg4WRRjcz8PjZxSiDbA==",
      "license": "ISC",
      "dependencies": {
        "@zerobias-org/suite-es-boe": "latest"
      },
      "engines": {
        "node": ">=16.11.0",
        "npm": ">=8.0.0"
      }
    },
    "node_modules/@zerobias-org/suite-es-boe": {
      "version": "1.1.0",
      "resolved": "https://pkg.zerobias.org/@zerobias-org/suite-es-boe/-/suite-es-boe-1.1.0.tgz",
      "integrity": "sha512-FXjbFwkgQA24gfg654cRM5UqNdKiSMR9lVObNOd6Xsc32dQAXY22JoRbtxSmgrB7UycrIJA9Pyoy3DoaGxShfg==",
      "license": "ISC",
      "dependencies": {
        "@zerobias-org/vendor-es": "^1.0.0"
      }
    },
    "node_modules/@zerobias-org/vendor-es": {
      "version": "1.0.2",
      "resolved": "https://pkg.zerobias.org/@zerobias-org/vendor-es/-/vendor-es-1.0.2.tgz",
      "integrity": "sha512-T42ql6+fnL9Q3HlRf5Oo7uB/94EsuSwyDPr0mT3mtZGS6t/r2mqx7CmgQjIjXksKrEPNPIwRoyYH48+8iRtRYQ==",
      "license": "ISC",
      "engines": {
        "node": ">=16.11.0",
        "npm": ">=8.0.0"
      }
    }
  }
}
