{
  "name": "@zerobias-org/crosswalk-complianceforge-scf-2025_2_1_tisax_isa_v6_0_3",
  "version": "1.0.0",
  "lockfileVersion": 3,
  "requires": true,
  "packages": {
    "": {
      "name": "@zerobias-org/crosswalk-complianceforge-scf-2025_2_1_tisax_isa_v6_0_3",
      "version": "1.0.0",
      "license": "ISC",
      "dependencies": {
        "@zerobias-org/framework-complianceforge-scf-2025.2.1": "latest",
        "@zerobias-org/framework-tisax-isa-v6_0_3": "latest"
      },
      "engines": {
        "node": ">=16.11.0",
        "npm": ">=8.0.0"
      }
    },
    "node_modules/@zerobias-org/framework-complianceforge-scf-2025.2.1": {
      "version": "1.0.1",
      "resolved": "https://pkg.zerobias.org/@zerobias-org/framework-complianceforge-scf-2025.2.1/-/framework-complianceforge-scf-2025.2.1-1.0.1.tgz",
      "integrity": "sha512-odK923QAy8MuDiLyX0hFYoSmNumHOZHLnkIEgQFw/i0p8gz8kAnTWCcO4gKGHmsYABv2baQ+eHlxdTlv9E12gQ==",
      "license": "MIT",
      "engines": {
        "node": ">=16.11.0",
        "npm": ">=8.0.0"
      }
    },
    "node_modules/@zerobias-org/framework-tisax-isa-v6_0_3": {
      "version": "1.0.1-rc.0",
      "resolved": "https://pkg.zerobias.org/@zerobias-org/framework-tisax-isa-v6_0_3/-/framework-tisax-isa-v6_0_3-1.0.1-rc.0.tgz",
      "integrity": "sha512-aUfcZYQ37L7NCcGu9M6jpgCpzAN6sDVyzFxpr7LBc+2uggRqV7PVuz/C8tHapl48jBm3UBqz7OSd0n3Y3uOtEA==",
      "license": "ISC",
      "dependencies": {
        "@zerobias-org/suite-tisax-isa": "latest"
      },
      "engines": {
        "node": ">=16.11.0",
        "npm": ">=8.0.0"
      }
    },
    "node_modules/@zerobias-org/suite-tisax-isa": {
      "version": "1.0.2",
      "resolved": "https://pkg.zerobias.org/@zerobias-org/suite-tisax-isa/-/suite-tisax-isa-1.0.2.tgz",
      "integrity": "sha512-A9FnQF5q+Ra9GLqwZWsdqK6NYpEgocNCpfEBJLbkeE8RTgagry6wPWqcvLUugsQCCpzjJh+arlq8m7/Ssuz5gw==",
      "license": "ISC",
      "dependencies": {
        "@zerobias-org/vendor-tisax": "latest"
      },
      "engines": {
        "node": ">=16.11.0",
        "npm": ">=8.0.0"
      }
    },
    "node_modules/@zerobias-org/vendor-tisax": {
      "version": "1.0.2",
      "resolved": "https://pkg.zerobias.org/@zerobias-org/vendor-tisax/-/vendor-tisax-1.0.2.tgz",
      "integrity": "sha512-vorptvEeCw/3VhC9g5RebsXzuKVMXYvvwCHUUsPZYiO/zzd5++Z4no+dkWGoz73LWHIWhlDuoN+CS/0Elz6a8g==",
      "license": "ISC",
      "engines": {
        "node": ">=16.11.0",
        "npm": ">=8.0.0"
      }
    }
  }
}
