{
  "name": "@zerobias-org/crosswalk-complianceforge-scf-2025_2_1_us_hipaa_v2",
  "version": "1.0.0",
  "lockfileVersion": 3,
  "requires": true,
  "packages": {
    "": {
      "name": "@zerobias-org/crosswalk-complianceforge-scf-2025_2_1_us_hipaa_v2",
      "version": "1.0.0",
      "license": "ISC",
      "dependencies": {
        "@zerobias-org/framework-complianceforge-scf-2025.2.1": "latest",
        "@zerobias-org/framework-us-hipaa-v2": "latest"
      },
      "engines": {
        "node": ">=16.11.0",
        "npm": ">=8.0.0"
      }
    },
    "node_modules/@zerobias-org/framework-complianceforge-scf-2025.2.1": {
      "version": "1.0.1",
      "resolved": "https://pkg.zerobias.org/@zerobias-org/framework-complianceforge-scf-2025.2.1/-/framework-complianceforge-scf-2025.2.1-1.0.1.tgz",
      "integrity": "sha512-odK923QAy8MuDiLyX0hFYoSmNumHOZHLnkIEgQFw/i0p8gz8kAnTWCcO4gKGHmsYABv2baQ+eHlxdTlv9E12gQ==",
      "license": "MIT",
      "engines": {
        "node": ">=16.11.0",
        "npm": ">=8.0.0"
      }
    },
    "node_modules/@zerobias-org/framework-us-hipaa-v2": {
      "version": "1.1.0",
      "resolved": "https://pkg.zerobias.org/@zerobias-org/framework-us-hipaa-v2/-/framework-us-hipaa-v2-1.1.0.tgz",
      "integrity": "sha512-/PmegO/cB0bPzyNHW0tggi6Wj2fTWfkiOw8cxGkeK/nNKgrhF7WZr445i7q3DVHd0Gn9OuNA89a2uECCaiCuAA==",
      "license": "ISC",
      "dependencies": {
        "@zerobias-org/suite-us-hipaa": "latest"
      },
      "engines": {
        "node": ">=16.11.0",
        "npm": ">=8.0.0"
      }
    },
    "node_modules/@zerobias-org/suite-us-hipaa": {
      "version": "1.1.0",
      "resolved": "https://pkg.zerobias.org/@zerobias-org/suite-us-hipaa/-/suite-us-hipaa-1.1.0.tgz",
      "integrity": "sha512-4uL+GecbcUPh8zLoffrKfDZxcOR4hnE3YStEjA6KJvWu6qnlGXR4XlyGzXAKS8ZCt+Wm6AtxFm0OrhfgQdlygA==",
      "license": "ISC",
      "dependencies": {
        "@zerobias-org/vendor-us": "^1.0.0"
      }
    },
    "node_modules/@zerobias-org/vendor-us": {
      "version": "1.0.2",
      "resolved": "https://pkg.zerobias.org/@zerobias-org/vendor-us/-/vendor-us-1.0.2.tgz",
      "integrity": "sha512-LXb06Hu7rfX0Xwcq2uxXs8W1HnTBOGAvTZwabTNYB0f/hm9FWqjHm4iKB6UTOmu3yK+cSq/Z08PirhZilqIIUg==",
      "license": "ISC",
      "engines": {
        "node": ">=16.11.0",
        "npm": ">=8.0.0"
      }
    }
  }
}
