{
   "name": "@zerobias-org/crosswalk-opencre-opencre-v1_iso_27001_2022a",
   "version": "1.0.1-rc.0",
   "lockfileVersion": 2,
   "requires": true,
   "packages": {
      "": {
         "name": "@zerobias-org/crosswalk-opencre-opencre-v1_iso_27001_2022a",
         "version": "1.0.1-rc.0",
         "license": "ISC",
         "dependencies": {
            "@auditlogic/suite-opencre-opencre": "^1.0.0",
            "@zerobias-org/framework-iso-27001-2022a": "^1.1.0",
            "@zerobias-org/framework-opencre-opencre-v1": "^1.1.3"
         }
      },
      "node_modules/@auditlogic/suite-iso-27001": {
         "version": "1.0.6",
         "resolved": "https://pkg.zerobias.org/@auditlogic/suite-iso-27001/-/16d5a9c8c25d1d7e0b44b59dee5b5f89a94c3ce4",
         "integrity": "sha512-agse/TxZLTeZIAu7VijloITTKBW93UmuXFfhwCDhxBtEYmD0RaMXHERdcBFkR/pFCmPd57gE/6IHbGVbXo+ZLw==",
         "dependencies": {
            "@auditlogic/vendor-iso": "^1.0.3"
         }
      },
      "node_modules/@auditlogic/suite-opencre-opencre": {
         "version": "1.0.0",
         "resolved": "https://pkg.zerobias.org/@auditlogic/suite-opencre-opencre/-/26b34dec1e24996a5730bd9fdac82c9ffdbe03c6",
         "integrity": "sha512-vg89yc3sXx1WXo26f/glgD3qILfotgZ+RiA8wy6mrMR7xi1vztXhQ1QFY2PID1A9IHDfCrFtJv7hXkBp7wHdNA==",
         "dependencies": {
            "@auditlogic/vendor-opencre": "^1.0.0"
         }
      },
      "node_modules/@auditlogic/vendor-iso": {
         "version": "1.0.3",
         "resolved": "https://pkg.zerobias.org/@auditlogic/vendor-iso/-/24519450dd80d0d229700c4adba5c6b8c0082637",
         "integrity": "sha512-kqVCrc8zYcDpbejHUuWhpsF8fKOOyIorYixloEbsjUP96enAxmlr/RqyL+J18idGY2UUhU+vhE1e+SaY69G3jg=="
      },
      "node_modules/@auditlogic/vendor-opencre": {
         "version": "1.0.0",
         "resolved": "https://pkg.zerobias.org/@auditlogic/vendor-opencre/-/83dd86d9ba18ae70bc47a3373ad14c17988cca94",
         "integrity": "sha512-h4mM5QO2yK+f8nQYlXY3SzGSDhF0Gq6KsZyfbuUK16Ewa8FkC1I1SXBodg7Ul+OXf0vehhodpeii5kidqcVejw=="
      },
      "node_modules/@zerobias-org/framework-iso-27001-2022a": {
         "version": "1.1.0",
         "resolved": "https://pkg.zerobias.org/@zerobias-org/framework-iso-27001-2022a/-/framework-iso-27001-2022a-1.1.0.tgz",
         "integrity": "sha512-6ozv4vi/Ly6x3jh/j46LmJ6cZFuVX4O7ZTy494GJjrmPc+OfjkyfB36ZV9849qmA8184++AwUdFFCvSremALSQ==",
         "dependencies": {
            "@auditlogic/suite-iso-27001": "latest"
         },
         "engines": {
            "node": ">=16.11.0",
            "npm": ">=8.0.0"
         }
      },
      "node_modules/@zerobias-org/framework-opencre-opencre-v1": {
         "version": "1.1.3",
         "resolved": "https://pkg.zerobias.org/@zerobias-org/framework-opencre-opencre-v1/-/framework-opencre-opencre-v1-1.1.3.tgz",
         "integrity": "sha512-sfNV65R1S1SOHmJr9bBDsryDo3+MuYoBQCqmwK34EPajbd6km+VWnE4UHus3vPwKCg17jVVvNsPIETpyZkh1DQ==",
         "dependencies": {
            "@auditlogic/suite-opencre-opencre": "latest"
         }
      }
   },
   "dependencies": {
      "@auditlogic/suite-iso-27001": {
         "version": "1.0.6",
         "resolved": "https://pkg.zerobias.org/@auditlogic/suite-iso-27001/-/16d5a9c8c25d1d7e0b44b59dee5b5f89a94c3ce4",
         "integrity": "sha512-agse/TxZLTeZIAu7VijloITTKBW93UmuXFfhwCDhxBtEYmD0RaMXHERdcBFkR/pFCmPd57gE/6IHbGVbXo+ZLw==",
         "requires": {
            "@auditlogic/vendor-iso": "^1.0.3"
         }
      },
      "@auditlogic/suite-opencre-opencre": {
         "version": "1.0.0",
         "resolved": "https://pkg.zerobias.org/@auditlogic/suite-opencre-opencre/-/26b34dec1e24996a5730bd9fdac82c9ffdbe03c6",
         "integrity": "sha512-vg89yc3sXx1WXo26f/glgD3qILfotgZ+RiA8wy6mrMR7xi1vztXhQ1QFY2PID1A9IHDfCrFtJv7hXkBp7wHdNA==",
         "requires": {
            "@auditlogic/vendor-opencre": "^1.0.0"
         }
      },
      "@auditlogic/vendor-iso": {
         "version": "1.0.3",
         "resolved": "https://pkg.zerobias.org/@auditlogic/vendor-iso/-/24519450dd80d0d229700c4adba5c6b8c0082637",
         "integrity": "sha512-kqVCrc8zYcDpbejHUuWhpsF8fKOOyIorYixloEbsjUP96enAxmlr/RqyL+J18idGY2UUhU+vhE1e+SaY69G3jg=="
      },
      "@auditlogic/vendor-opencre": {
         "version": "1.0.0",
         "resolved": "https://pkg.zerobias.org/@auditlogic/vendor-opencre/-/83dd86d9ba18ae70bc47a3373ad14c17988cca94",
         "integrity": "sha512-h4mM5QO2yK+f8nQYlXY3SzGSDhF0Gq6KsZyfbuUK16Ewa8FkC1I1SXBodg7Ul+OXf0vehhodpeii5kidqcVejw=="
      },
      "@zerobias-org/framework-iso-27001-2022a": {
         "version": "1.1.0",
         "resolved": "https://pkg.zerobias.org/@zerobias-org/framework-iso-27001-2022a/-/framework-iso-27001-2022a-1.1.0.tgz",
         "integrity": "sha512-6ozv4vi/Ly6x3jh/j46LmJ6cZFuVX4O7ZTy494GJjrmPc+OfjkyfB36ZV9849qmA8184++AwUdFFCvSremALSQ==",
         "requires": {
            "@auditlogic/suite-iso-27001": "latest"
         }
      },
      "@zerobias-org/framework-opencre-opencre-v1": {
         "version": "1.1.3",
         "resolved": "https://pkg.zerobias.org/@zerobias-org/framework-opencre-opencre-v1/-/framework-opencre-opencre-v1-1.1.3.tgz",
         "integrity": "sha512-sfNV65R1S1SOHmJr9bBDsryDo3+MuYoBQCqmwK34EPajbd6km+VWnE4UHus3vPwKCg17jVVvNsPIETpyZkh1DQ==",
         "requires": {
            "@auditlogic/suite-opencre-opencre": "latest"
         }
      }
   }
}
