{
  "name": "@zerobias-org/crosswalk-scf-scf-2025_2_1_us_hipaa_v2013",
  "version": "3.0.0",
  "lockfileVersion": 3,
  "requires": true,
  "packages": {
    "": {
      "name": "@zerobias-org/crosswalk-scf-scf-2025_2_1_us_hipaa_v2013",
      "version": "3.0.0",
      "license": "CC-BY-ND-4.0",
      "dependencies": {
        "@zerobias-org/framework-scf-scf-2025.2.1": "*",
        "@zerobias-org/framework-us-hipaa-v2013": "*"
      }
    },
    "node_modules/@zerobias-org/framework-scf-scf-2025.2.1": {
      "version": "3.0.1",
      "integrity": "sha512-zppiZwQ5/DzYcU34BTsT4u0ojRHprI5GP3GefsMvOSRvdJodnuuWPms1ws1fO0b0QshR8BZobDFbX6WYSJnGGg==",
      "license": "ISC",
      "dependencies": {
        "@zerobias-org/suite-scf-scf": "latest"
      }
    },
    "node_modules/@zerobias-org/framework-us-hipaa-v2013": {
      "version": "2.0.0",
      "integrity": "sha512-HWDOwTPrRnWwGpl6QWaI4AAj4O/duTH59lj8b9IcGDhScKx2kI/70RYYQAMT/RYf2gCW7xHWwU0Vs3mSLPFQfg==",
      "license": "ISC",
      "dependencies": {
        "@zerobias-org/suite-us-hipaa": "latest"
      }
    },
    "node_modules/@zerobias-org/suite-scf-scf": {
      "version": "1.0.1",
      "integrity": "sha512-vDXOHEuoIbHPk7rCUWlt0NoqXjg2Xa0ChNhc+kRw5vUTpwN6IdPUVLArWSv/s0t4wSgibDeCnmscP+exEWdcmA==",
      "license": "ISC",
      "dependencies": {
        "@zerobias-org/vendor-scf": "*"
      }
    },
    "node_modules/@zerobias-org/suite-us-hipaa": {
      "version": "2.0.1",
      "integrity": "sha512-ohzyAO0gDhjiymjpcNnykiLRL/VYIW3PGTnhJCqNHceafRcDIWEEZcpDqMCBn302Tnw7BpKquN/zhY98fuj5gw==",
      "license": "ISC",
      "dependencies": {
        "@zerobias-org/vendor-us": "*"
      }
    },
    "node_modules/@zerobias-org/vendor-scf": {
      "version": "1.0.3",
      "integrity": "sha512-mfxbF5SD/tZkN7WlfaRGTT/KIQDcqP1zyto8A9T3fN4F27A654lB6M7tZVQpApt5TOeBqAh/kr3WTuItMebeVw==",
      "license": "ISC"
    },
    "node_modules/@zerobias-org/vendor-us": {
      "version": "2.0.1",
      "integrity": "sha512-LLUJxtiCgjFtjPfmgMCOHH+hYEZhnaKyeXf+RI9wOMgYKUjnwSMdtM/JOjfN6slf8li93W+B1Ho8d6Ep5FJubw==",
      "license": "ISC"
    }
  }
}
