{
  "name": "@zerobias-org/crosswalk-aiuc-aiuc_1-v1-nist-rmf-v1",
  "version": "0.0.1",
  "lockfileVersion": 3,
  "requires": true,
  "packages": {
    "": {
      "name": "@zerobias-org/crosswalk-aiuc-aiuc_1-v1-nist-rmf-v1",
      "version": "0.0.1",
      "license": "ISC",
      "dependencies": {
        "@zerobias-org/framework-aiuc-aiuc_1-v1": "latest",
        "@zerobias-org/framework-nist-rmf-v1": "latest"
      }
    },
    "node_modules/@zerobias-org/framework-aiuc-aiuc_1-v1": {
      "version": "0.0.2",
      "resolved": "https://pkg.zerobias.org/@zerobias-org/framework-aiuc-aiuc_1-v1/-/framework-aiuc-aiuc_1-v1-0.0.2.tgz",
      "integrity": "sha512-vyxRh2GmdQNASFUWNVaDEFYsHnV6RiPy64LdNgGspOE40oySKa64FUDYjstMP8sg4Mw4ownsM/4iBPoMp/JLbA==",
      "license": "ISC",
      "dependencies": {
        "@zerobias-org/suite-aiuc-aiuc_1": "latest"
      },
      "engines": {
        "node": ">=16.11.0",
        "npm": ">=8.0.0"
      }
    },
    "node_modules/@zerobias-org/framework-nist-rmf-v1": {
      "version": "1.1.0",
      "resolved": "https://pkg.zerobias.org/@zerobias-org/framework-nist-rmf-v1/-/framework-nist-rmf-v1-1.1.0.tgz",
      "integrity": "sha512-TD1CN5GyxitMoQnfSvuj2cXanrtdlz/0dPfGryX46SRVTSjEtfMxJDNwlAJ/tBy/9d7x/ybHJwZFCvHt29A04g==",
      "license": "ISC",
      "dependencies": {
        "@zerobias-org/suite-nist-rmf": "latest"
      },
      "engines": {
        "node": ">=16.11.0",
        "npm": ">=8.0.0"
      }
    },
    "node_modules/@zerobias-org/suite-aiuc-aiuc_1": {
      "version": "1.0.3",
      "resolved": "https://pkg.zerobias.org/@zerobias-org/suite-aiuc-aiuc_1/-/suite-aiuc-aiuc_1-1.0.3.tgz",
      "integrity": "sha512-hW/lQrdftkyF2WvlXDKtbRlZp9Fp3b6MBWCnJxMrnKt7IGFj5Rn4GGR4RxgJ4SlinalixqrK4vuttkRbZkc+ZA==",
      "license": "ISC",
      "dependencies": {
        "@zerobias-org/vendor-aiuc": "latest"
      }
    },
    "node_modules/@zerobias-org/suite-nist-rmf": {
      "version": "1.0.4",
      "resolved": "https://pkg.zerobias.org/@zerobias-org/suite-nist-rmf/-/suite-nist-rmf-1.0.4.tgz",
      "integrity": "sha512-NF+fOKaTugo/jFGQcUrPgDGsgdzL9Q3q1FTJcbCltqS3oc5vuvalYrc1kW2XdxzLt5WJWkmjDSz66ZKP9V4v3w==",
      "license": "ISC",
      "dependencies": {
        "@zerobias-org/vendor-nist": "latest"
      }
    },
    "node_modules/@zerobias-org/vendor-aiuc": {
      "version": "1.1.2",
      "resolved": "https://pkg.zerobias.org/@zerobias-org/vendor-aiuc/-/vendor-aiuc-1.1.2.tgz",
      "integrity": "sha512-P4xTnVQhUiCg9wcqGMawog7DVyayEPrtFHqR2WfFXGbJUyesKl85Lpuem8w107Voq5QdCw+uB+4dGUYqdYh+JQ==",
      "license": "ISC"
    },
    "node_modules/@zerobias-org/vendor-nist": {
      "version": "1.0.13",
      "resolved": "https://pkg.zerobias.org/@zerobias-org/vendor-nist/-/vendor-nist-1.0.13.tgz",
      "integrity": "sha512-kZBwvaUra3N1VAmj2Uk9ZOE7yGvq4NNmhTJ+FRxFQZ/77V2zQ1UvL2+1hblQTmi3VDwj2q2KpIqVEi9IPhmv7g==",
      "license": "ISC"
    }
  }
}