{
  "name": "@zerobias-org/crosswalk-complianceforge-scf-2025_2_1_dod_ztra_v2",
  "version": "1.0.0",
  "lockfileVersion": 3,
  "requires": true,
  "packages": {
    "": {
      "name": "@zerobias-org/crosswalk-complianceforge-scf-2025_2_1_dod_ztra_v2",
      "version": "1.0.0",
      "license": "ISC",
      "dependencies": {
        "@zerobias-org/framework-complianceforge-scf-2025.2.1": "latest",
        "@zerobias-org/framework-dod-ztra-v2": "latest"
      },
      "engines": {
        "node": ">=16.11.0",
        "npm": ">=8.0.0"
      }
    },
    "node_modules/@zerobias-org/framework-complianceforge-scf-2025.2.1": {
      "version": "1.0.1",
      "resolved": "https://pkg.zerobias.org/@zerobias-org/framework-complianceforge-scf-2025.2.1/-/framework-complianceforge-scf-2025.2.1-1.0.1.tgz",
      "integrity": "sha512-odK923QAy8MuDiLyX0hFYoSmNumHOZHLnkIEgQFw/i0p8gz8kAnTWCcO4gKGHmsYABv2baQ+eHlxdTlv9E12gQ==",
      "license": "MIT",
      "engines": {
        "node": ">=16.11.0",
        "npm": ">=8.0.0"
      }
    },
    "node_modules/@zerobias-org/framework-dod-ztra-v2": {
      "version": "1.1.0-rc.0",
      "resolved": "https://pkg.zerobias.org/@zerobias-org/framework-dod-ztra-v2/-/framework-dod-ztra-v2-1.1.0-rc.0.tgz",
      "integrity": "sha512-6imes+9yUsWsOZnLjtiKtSbWY7HMdgOXssLKuJ7Ph0Ocpigp/KoXPsF9islWer+KpILUYRsHeGUee9s6TVK8Dg==",
      "license": "ISC",
      "dependencies": {
        "@zerobias-org/suite-dod-ztra": "latest"
      },
      "engines": {
        "node": ">=16.11.0",
        "npm": ">=8.0.0"
      }
    },
    "node_modules/@zerobias-org/suite-dod-ztra": {
      "version": "1.0.2",
      "resolved": "https://pkg.zerobias.org/@zerobias-org/suite-dod-ztra/-/suite-dod-ztra-1.0.2.tgz",
      "integrity": "sha512-3yv8jHtTAEwaCK0hrpN3FZVnq9MWuVUfqlcSsgCImJHD/HwxsisbFqDL95qsvqimVY6uItFP+OlB3VxusgNWzA==",
      "license": "ISC",
      "dependencies": {
        "@zerobias-org/vendor-dod": "latest"
      },
      "engines": {
        "node": ">=16.11.0",
        "npm": ">=8.0.0"
      }
    },
    "node_modules/@zerobias-org/vendor-dod": {
      "version": "0.1.4",
      "resolved": "https://pkg.zerobias.org/@zerobias-org/vendor-dod/-/vendor-dod-0.1.4.tgz",
      "integrity": "sha512-VJjv4bQArqUvSMzn0mShQmf1jmrmeVuacFWS2XD8CS8gQJNo1E+5LVo7br7FiisDvbXJPKdNZY8/9bk7eHKRpQ==",
      "license": "ISC"
    }
  }
}
