{
  "name": "@zerobias-org/crosswalk-complianceforge-scf-2025_2_1_cis_csc_v8_1",
  "version": "1.0.0",
  "lockfileVersion": 3,
  "requires": true,
  "packages": {
    "": {
      "name": "@zerobias-org/crosswalk-complianceforge-scf-2025_2_1_cis_csc_v8_1",
      "version": "1.0.0",
      "license": "ISC",
      "dependencies": {
        "@zerobias-org/framework-cis-csc-v8_1": "latest",
        "@zerobias-org/framework-complianceforge-scf-2025.2.1": "latest"
      },
      "engines": {
        "node": ">=16.11.0",
        "npm": ">=8.0.0"
      }
    },
    "node_modules/@zerobias-org/framework-cis-csc-v8_1": {
      "version": "1.1.0",
      "resolved": "https://pkg.zerobias.org/@zerobias-org/framework-cis-csc-v8_1/-/framework-cis-csc-v8_1-1.1.0.tgz",
      "integrity": "sha512-vM4HjXjZrR7iaIb2386NZ/aYGCBltnJuJWRlSqpWMSf09DU1KlFnLvK7jKJNM+qQRdA15jx67Z+8BevrttwTxw==",
      "license": "ISC",
      "dependencies": {
        "@zerobias-org/suite-cis-csc": "latest"
      },
      "engines": {
        "node": ">=16.11.0",
        "npm": ">=8.0.0"
      }
    },
    "node_modules/@zerobias-org/framework-complianceforge-scf-2025.2.1": {
      "version": "1.0.1",
      "resolved": "https://pkg.zerobias.org/@zerobias-org/framework-complianceforge-scf-2025.2.1/-/framework-complianceforge-scf-2025.2.1-1.0.1.tgz",
      "integrity": "sha512-odK923QAy8MuDiLyX0hFYoSmNumHOZHLnkIEgQFw/i0p8gz8kAnTWCcO4gKGHmsYABv2baQ+eHlxdTlv9E12gQ==",
      "license": "MIT",
      "engines": {
        "node": ">=16.11.0",
        "npm": ">=8.0.0"
      }
    },
    "node_modules/@zerobias-org/suite-cis-csc": {
      "version": "1.0.2",
      "resolved": "https://pkg.zerobias.org/@zerobias-org/suite-cis-csc/-/suite-cis-csc-1.0.2.tgz",
      "integrity": "sha512-86mjDG4A/wy0qczSqxHu0uffAbUo12PV6j619fWcEAP24qoi0EfXA1oQvGRC8g4ICiGBQIttoSinB5dtbZqVOQ==",
      "license": "ISC",
      "dependencies": {
        "@zerobias-org/vendor-cis": "latest"
      },
      "engines": {
        "node": ">=16.11.0",
        "npm": ">=8.0.0"
      }
    },
    "node_modules/@zerobias-org/vendor-cis": {
      "version": "0.1.4",
      "resolved": "https://pkg.zerobias.org/@zerobias-org/vendor-cis/-/vendor-cis-0.1.4.tgz",
      "integrity": "sha512-9MbW8CXGGxKwbjaPxDNIRB0CNdktdgIFaZjnchs0icF3RUdiciCtFps1FCB3lw9oynnBfBX8VULRkll5Lg1qrw==",
      "license": "ISC"
    }
  }
}
